// !$*UTF8*$!
{
	archiveVersion = 1;
	classes = {
	};
	objectVersion = 45;
	objects = {

/* Begin PBXBuildFile section */
		1D3623260D0F684500981E51 /* GameNameAppDelegate.m in Sources */ = {isa = PBXBuildFile; fileRef = 1D3623250D0F684500981E51 /* GameNameAppDelegate.m */; };
		1D60589B0D05DD56006BFB54 /* main.m in Sources */ = {isa = PBXBuildFile; fileRef = 29B97316FDCFA39411CA2CEA /* main.m */; };
		1D60589F0D05DD5A006BFB54 /* Foundation.framework in Frameworks */ = {isa = PBXBuildFile; fileRef = 1D30AB110D05D00D00671497 /* Foundation.framework */; };
		1DF5F4E00D08C38300B7A737 /* UIKit.framework in Frameworks */ = {isa = PBXBuildFile; fileRef = 1DF5F4DF0D08C38300B7A737 /* UIKit.framework */; };
		28AD733F0D9D9553002E5188 /* MainWindow.xib in Resources */ = {isa = PBXBuildFile; fileRef = 28AD733E0D9D9553002E5188 /* MainWindow.xib */; };
		28FD15000DC6FC520079059D /* OpenGLES.framework in Frameworks */ = {isa = PBXBuildFile; fileRef = 28FD14FF0DC6FC520079059D /* OpenGLES.framework */; };
		28FD15080DC6FC5B0079059D /* QuartzCore.framework in Frameworks */ = {isa = PBXBuildFile; fileRef = 28FD15070DC6FC5B0079059D /* QuartzCore.framework */; };
		542E6227122560D70069DECB /* EmptyFuelBar.png in Resources */ = {isa = PBXBuildFile; fileRef = 542E6222122560D70069DECB /* EmptyFuelBar.png */; };
		542E6228122560D70069DECB /* FuelBar.png in Resources */ = {isa = PBXBuildFile; fileRef = 542E6223122560D70069DECB /* FuelBar.png */; };
		542E6229122560D70069DECB /* ThrustLeft.png in Resources */ = {isa = PBXBuildFile; fileRef = 542E6224122560D70069DECB /* ThrustLeft.png */; };
		542E622A122560D70069DECB /* ThrustMiddle.png in Resources */ = {isa = PBXBuildFile; fileRef = 542E6225122560D70069DECB /* ThrustMiddle.png */; };
		542E622B122560D70069DECB /* ThrustRight.png in Resources */ = {isa = PBXBuildFile; fileRef = 542E6226122560D70069DECB /* ThrustRight.png */; };
		542E78E711AC0F5E00655228 /* Texture2D.m in Sources */ = {isa = PBXBuildFile; fileRef = 542E78E611AC0F5E00655228 /* Texture2D.m */; };
		542E78E911AC0F6D00655228 /* CoreGraphics.framework in Frameworks */ = {isa = PBXBuildFile; fileRef = 542E78E811AC0F6D00655228 /* CoreGraphics.framework */; };
		542E78FC11AC148900655228 /* Ship.png in Resources */ = {isa = PBXBuildFile; fileRef = 542E78FB11AC148900655228 /* Ship.png */; };
		544E04A012310B2C00746D41 /* SpriteSheet.m in Sources */ = {isa = PBXBuildFile; fileRef = 544E049F12310B2C00746D41 /* SpriteSheet.m */; };
		54613BB61234CC2D0005ACD8 /* FBDialog.bundle in Resources */ = {isa = PBXBuildFile; fileRef = 54613B9E1234CC2D0005ACD8 /* FBDialog.bundle */; };
		54613BB71234CC2D0005ACD8 /* NSObject+SBJSON.m in Sources */ = {isa = PBXBuildFile; fileRef = 54613BA21234CC2D0005ACD8 /* NSObject+SBJSON.m */; };
		54613BB81234CC2D0005ACD8 /* NSString+SBJSON.m in Sources */ = {isa = PBXBuildFile; fileRef = 54613BA41234CC2D0005ACD8 /* NSString+SBJSON.m */; };
		54613BB91234CC2D0005ACD8 /* SBJSON.m in Sources */ = {isa = PBXBuildFile; fileRef = 54613BA61234CC2D0005ACD8 /* SBJSON.m */; };
		54613BBA1234CC2D0005ACD8 /* SBJsonBase.m in Sources */ = {isa = PBXBuildFile; fileRef = 54613BA81234CC2D0005ACD8 /* SBJsonBase.m */; };
		54613BBB1234CC2D0005ACD8 /* SBJsonParser.m in Sources */ = {isa = PBXBuildFile; fileRef = 54613BAA1234CC2D0005ACD8 /* SBJsonParser.m */; };
		54613BBC1234CC2D0005ACD8 /* SBJsonWriter.m in Sources */ = {isa = PBXBuildFile; fileRef = 54613BAC1234CC2D0005ACD8 /* SBJsonWriter.m */; };
		54613BBD1234CC2D0005ACD8 /* FBRequest.m in Sources */ = {isa = PBXBuildFile; fileRef = 54613BAF1234CC2D0005ACD8 /* FBRequest.m */; };
		54613BBE1234CC2D0005ACD8 /* Facebook.m in Sources */ = {isa = PBXBuildFile; fileRef = 54613BB01234CC2D0005ACD8 /* Facebook.m */; };
		54613BBF1234CC2D0005ACD8 /* FBLoginDialog.m in Sources */ = {isa = PBXBuildFile; fileRef = 54613BB31234CC2D0005ACD8 /* FBLoginDialog.m */; };
		54613BC01234CC2D0005ACD8 /* FBDialog.m in Sources */ = {isa = PBXBuildFile; fileRef = 54613BB51234CC2D0005ACD8 /* FBDialog.m */; };
		54625FF8122FDB3E00EA53E9 /* Background.png in Resources */ = {isa = PBXBuildFile; fileRef = 54625FF6122FDB3E00EA53E9 /* Background.png */; };
		54625FF9122FDB3E00EA53E9 /* Moon.png in Resources */ = {isa = PBXBuildFile; fileRef = 54625FF7122FDB3E00EA53E9 /* Moon.png */; };
		5489994F11AFC0300021E525 /* Image.m in Sources */ = {isa = PBXBuildFile; fileRef = 5489994E11AFC0300021E525 /* Image.m */; };
		54980A1D1220AAB400CDCB29 /* GameEngine.m in Sources */ = {isa = PBXBuildFile; fileRef = 54980A1C1220AAB400CDCB29 /* GameEngine.m */; };
		54980BCB1220C30400CDCB29 /* EAGLView.m in Sources */ = {isa = PBXBuildFile; fileRef = 54980BCA1220C30400CDCB29 /* EAGLView.m */; };
		549D8C15123326BF002882A0 /* Failure.caf in Resources */ = {isa = PBXBuildFile; fileRef = 549D8C11123326BF002882A0 /* Failure.caf */; };
		549D8C16123326BF002882A0 /* Start.caf in Resources */ = {isa = PBXBuildFile; fileRef = 549D8C12123326BF002882A0 /* Start.caf */; };
		549D8C17123326BF002882A0 /* Success.caf in Resources */ = {isa = PBXBuildFile; fileRef = 549D8C13123326BF002882A0 /* Success.caf */; };
		549D8C18123326BF002882A0 /* Thrust.caf in Resources */ = {isa = PBXBuildFile; fileRef = 549D8C14123326BF002882A0 /* Thrust.caf */; };
		549D8DF21233C5BD002882A0 /* OptionsButton.png in Resources */ = {isa = PBXBuildFile; fileRef = 549D8DF11233C5BD002882A0 /* OptionsButton.png */; };
		549D8DF41233C5EA002882A0 /* PlayButton.png in Resources */ = {isa = PBXBuildFile; fileRef = 549D8DF31233C5EA002882A0 /* PlayButton.png */; };
		549D8E221233D4F1002882A0 /* MusicText.png in Resources */ = {isa = PBXBuildFile; fileRef = 549D8E1E1233D4F1002882A0 /* MusicText.png */; };
		549D8E231233D4F1002882A0 /* OffButton.png in Resources */ = {isa = PBXBuildFile; fileRef = 549D8E1F1233D4F1002882A0 /* OffButton.png */; };
		549D8E241233D4F1002882A0 /* OnButton.png in Resources */ = {isa = PBXBuildFile; fileRef = 549D8E201233D4F1002882A0 /* OnButton.png */; };
		549D8E251233D4F1002882A0 /* SoundText.png in Resources */ = {isa = PBXBuildFile; fileRef = 549D8E211233D4F1002882A0 /* SoundText.png */; };
		54A91B8912321BF100CD05A3 /* AngelCodeFont.m in Sources */ = {isa = PBXBuildFile; fileRef = 54A91B8612321BF100CD05A3 /* AngelCodeFont.m */; };
		54A91B8A12321BF100CD05A3 /* CharDef.m in Sources */ = {isa = PBXBuildFile; fileRef = 54A91B8812321BF100CD05A3 /* CharDef.m */; };
		54A91C7C1232281500CD05A3 /* MenloFont24.fnt in Resources */ = {isa = PBXBuildFile; fileRef = 54A91C7A1232281500CD05A3 /* MenloFont24.fnt */; };
		54A91C7D1232281500CD05A3 /* MenloFont24.png in Resources */ = {isa = PBXBuildFile; fileRef = 54A91C7B1232281500CD05A3 /* MenloFont24.png */; };
		54A91C8A12323DB200CD05A3 /* FaceBookLogo.png in Resources */ = {isa = PBXBuildFile; fileRef = 54A91C8512323DB200CD05A3 /* FaceBookLogo.png */; };
		54A91C8B12323DB200CD05A3 /* OpenFeintLogo.png in Resources */ = {isa = PBXBuildFile; fileRef = 54A91C8612323DB200CD05A3 /* OpenFeintLogo.png */; };
		54A91C8C12323DB200CD05A3 /* RetryButton.png in Resources */ = {isa = PBXBuildFile; fileRef = 54A91C8712323DB200CD05A3 /* RetryButton.png */; };
		54A91C8D12323DB200CD05A3 /* PopUpFrame.png in Resources */ = {isa = PBXBuildFile; fileRef = 54A91C8812323DB200CD05A3 /* PopUpFrame.png */; };
		54A91C8E12323DB200CD05A3 /* MenuButton.png in Resources */ = {isa = PBXBuildFile; fileRef = 54A91C8912323DB200CD05A3 /* MenuButton.png */; };
		54B2803F122B4378002A6BE4 /* AudioToolbox.framework in Frameworks */ = {isa = PBXBuildFile; fileRef = 54B2803E122B4378002A6BE4 /* AudioToolbox.framework */; };
		54D9758F11BB73AD00C050D5 /* BaseObject.m in Sources */ = {isa = PBXBuildFile; fileRef = 54D9758E11BB73AD00C050D5 /* BaseObject.m */; };
		54DF307A12211A2400D5ADB7 /* Default.png in Resources */ = {isa = PBXBuildFile; fileRef = 54DF307912211A2400D5ADB7 /* Default.png */; };
		54DF307C12211A3200D5ADB7 /* Icon.png in Resources */ = {isa = PBXBuildFile; fileRef = 54DF307B12211A3200D5ADB7 /* Icon.png */; };
		54E9DEDE1226772C0063AB9B /* Player.m in Sources */ = {isa = PBXBuildFile; fileRef = 54E9DEDD1226772C0063AB9B /* Player.m */; };
		54E9DFD812268BB90063AB9B /* Platform.png in Resources */ = {isa = PBXBuildFile; fileRef = 54E9DFD712268BB90063AB9B /* Platform.png */; };
		54E9DFDA12268BC90063AB9B /* Explosion.png in Resources */ = {isa = PBXBuildFile; fileRef = 54E9DFD912268BC90063AB9B /* Explosion.png */; };
		54E9E0A31226A3170063AB9B /* Lose.png in Resources */ = {isa = PBXBuildFile; fileRef = 54E9E0A11226A3170063AB9B /* Lose.png */; };
		54E9E0A41226A3170063AB9B /* Win.png in Resources */ = {isa = PBXBuildFile; fileRef = 54E9E0A21226A3170063AB9B /* Win.png */; };
/* End PBXBuildFile section */

/* Begin PBXFileReference section */
		1D30AB110D05D00D00671497 /* Foundation.framework */ = {isa = PBXFileReference; lastKnownFileType = wrapper.framework; name = Foundation.framework; path = System/Library/Frameworks/Foundation.framework; sourceTree = SDKROOT; };
		1D3623240D0F684500981E51 /* GameNameAppDelegate.h */ = {isa = PBXFileReference; fileEncoding = 4; lastKnownFileType = sourcecode.c.h; path = GameNameAppDelegate.h; sourceTree = "<group>"; };
		1D3623250D0F684500981E51 /* GameNameAppDelegate.m */ = {isa = PBXFileReference; fileEncoding = 4; lastKnownFileType = sourcecode.c.objc; path = GameNameAppDelegate.m; sourceTree = "<group>"; };
		1D6058910D05DD3D006BFB54 /* GameName.app */ = {isa = PBXFileReference; explicitFileType = wrapper.application; includeInIndex = 0; path = GameName.app; sourceTree = BUILT_PRODUCTS_DIR; };
		1DF5F4DF0D08C38300B7A737 /* UIKit.framework */ = {isa = PBXFileReference; lastKnownFileType = wrapper.framework; name = UIKit.framework; path = System/Library/Frameworks/UIKit.framework; sourceTree = SDKROOT; };
		28AD733E0D9D9553002E5188 /* MainWindow.xib */ = {isa = PBXFileReference; lastKnownFileType = file.xib; path = MainWindow.xib; sourceTree = "<group>"; };
		28FD14FC0DC6FC130079059D /* EAGLView.h */ = {isa = PBXFileReference; fileEncoding = 4; lastKnownFileType = sourcecode.c.h; path = EAGLView.h; sourceTree = "<group>"; };
		28FD14FF0DC6FC520079059D /* OpenGLES.framework */ = {isa = PBXFileReference; lastKnownFileType = wrapper.framework; name = OpenGLES.framework; path = System/Library/Frameworks/OpenGLES.framework; sourceTree = SDKROOT; };
		28FD15070DC6FC5B0079059D /* QuartzCore.framework */ = {isa = PBXFileReference; lastKnownFileType = wrapper.framework; name = QuartzCore.framework; path = System/Library/Frameworks/QuartzCore.framework; sourceTree = SDKROOT; };
		29B97316FDCFA39411CA2CEA /* main.m */ = {isa = PBXFileReference; fileEncoding = 4; lastKnownFileType = sourcecode.c.objc; path = main.m; sourceTree = "<group>"; };
		32CA4F630368D1EE00C91783 /* GameName_Prefix.pch */ = {isa = PBXFileReference; fileEncoding = 4; lastKnownFileType = sourcecode.c.h; path = GameName_Prefix.pch; sourceTree = "<group>"; };
		542E6222122560D70069DECB /* EmptyFuelBar.png */ = {isa = PBXFileReference; lastKnownFileType = image.png; path = EmptyFuelBar.png; sourceTree = "<group>"; };
		542E6223122560D70069DECB /* FuelBar.png */ = {isa = PBXFileReference; lastKnownFileType = image.png; path = FuelBar.png; sourceTree = "<group>"; };
		542E6224122560D70069DECB /* ThrustLeft.png */ = {isa = PBXFileReference; lastKnownFileType = image.png; path = ThrustLeft.png; sourceTree = "<group>"; };
		542E6225122560D70069DECB /* ThrustMiddle.png */ = {isa = PBXFileReference; lastKnownFileType = image.png; path = ThrustMiddle.png; sourceTree = "<group>"; };
		542E6226122560D70069DECB /* ThrustRight.png */ = {isa = PBXFileReference; lastKnownFileType = image.png; path = ThrustRight.png; sourceTree = "<group>"; };
		542E78E511AC0F5E00655228 /* Texture2D.h */ = {isa = PBXFileReference; fileEncoding = 4; lastKnownFileType = sourcecode.c.h; path = Texture2D.h; sourceTree = "<group>"; };
		542E78E611AC0F5E00655228 /* Texture2D.m */ = {isa = PBXFileReference; fileEncoding = 4; lastKnownFileType = sourcecode.c.objc; path = Texture2D.m; sourceTree = "<group>"; };
		542E78E811AC0F6D00655228 /* CoreGraphics.framework */ = {isa = PBXFileReference; lastKnownFileType = wrapper.framework; name = CoreGraphics.framework; path = System/Library/Frameworks/CoreGraphics.framework; sourceTree = SDKROOT; };
		542E78FB11AC148900655228 /* Ship.png */ = {isa = PBXFileReference; lastKnownFileType = image.png; path = Ship.png; sourceTree = "<group>"; };
		544E049E12310B2C00746D41 /* SpriteSheet.h */ = {isa = PBXFileReference; fileEncoding = 4; lastKnownFileType = sourcecode.c.h; path = SpriteSheet.h; sourceTree = "<group>"; };
		544E049F12310B2C00746D41 /* SpriteSheet.m */ = {isa = PBXFileReference; fileEncoding = 4; lastKnownFileType = sourcecode.c.objc; path = SpriteSheet.m; sourceTree = "<group>"; };
		54613B9E1234CC2D0005ACD8 /* FBDialog.bundle */ = {isa = PBXFileReference; lastKnownFileType = "wrapper.plug-in"; path = FBDialog.bundle; sourceTree = "<group>"; };
		54613BA01234CC2D0005ACD8 /* JSON.h */ = {isa = PBXFileReference; fileEncoding = 4; lastKnownFileType = sourcecode.c.h; path = JSON.h; sourceTree = "<group>"; };
		54613BA11234CC2D0005ACD8 /* NSObject+SBJSON.h */ = {isa = PBXFileReference; fileEncoding = 4; lastKnownFileType = sourcecode.c.h; path = "NSObject+SBJSON.h"; sourceTree = "<group>"; };
		54613BA21234CC2D0005ACD8 /* NSObject+SBJSON.m */ = {isa = PBXFileReference; fileEncoding = 4; lastKnownFileType = sourcecode.c.objc; path = "NSObject+SBJSON.m"; sourceTree = "<group>"; };
		54613BA31234CC2D0005ACD8 /* NSString+SBJSON.h */ = {isa = PBXFileReference; fileEncoding = 4; lastKnownFileType = sourcecode.c.h; path = "NSString+SBJSON.h"; sourceTree = "<group>"; };
		54613BA41234CC2D0005ACD8 /* NSString+SBJSON.m */ = {isa = PBXFileReference; fileEncoding = 4; lastKnownFileType = sourcecode.c.objc; path = "NSString+SBJSON.m"; sourceTree = "<group>"; };
		54613BA51234CC2D0005ACD8 /* SBJSON.h */ = {isa = PBXFileReference; fileEncoding = 4; lastKnownFileType = sourcecode.c.h; path = SBJSON.h; sourceTree = "<group>"; };
		54613BA61234CC2D0005ACD8 /* SBJSON.m */ = {isa = PBXFileReference; fileEncoding = 4; lastKnownFileType = sourcecode.c.objc; path = SBJSON.m; sourceTree = "<group>"; };
		54613BA71234CC2D0005ACD8 /* SBJsonBase.h */ = {isa = PBXFileReference; fileEncoding = 4; lastKnownFileType = sourcecode.c.h; path = SBJsonBase.h; sourceTree = "<group>"; };
		54613BA81234CC2D0005ACD8 /* SBJsonBase.m */ = {isa = PBXFileReference; fileEncoding = 4; lastKnownFileType = sourcecode.c.objc; path = SBJsonBase.m; sourceTree = "<group>"; };
		54613BA91234CC2D0005ACD8 /* SBJsonParser.h */ = {isa = PBXFileReference; fileEncoding = 4; lastKnownFileType = sourcecode.c.h; path = SBJsonParser.h; sourceTree = "<group>"; };
		54613BAA1234CC2D0005ACD8 /* SBJsonParser.m */ = {isa = PBXFileReference; fileEncoding = 4; lastKnownFileType = sourcecode.c.objc; path = SBJsonParser.m; sourceTree = "<group>"; };
		54613BAB1234CC2D0005ACD8 /* SBJsonWriter.h */ = {isa = PBXFileReference; fileEncoding = 4; lastKnownFileType = sourcecode.c.h; path = SBJsonWriter.h; sourceTree = "<group>"; };
		54613BAC1234CC2D0005ACD8 /* SBJsonWriter.m */ = {isa = PBXFileReference; fileEncoding = 4; lastKnownFileType = sourcecode.c.objc; path = SBJsonWriter.m; sourceTree = "<group>"; };
		54613BAD1234CC2D0005ACD8 /* FBConnect.h */ = {isa = PBXFileReference; fileEncoding = 4; lastKnownFileType = sourcecode.c.h; path = FBConnect.h; sourceTree = "<group>"; };
		54613BAE1234CC2D0005ACD8 /* FBRequest.h */ = {isa = PBXFileReference; fileEncoding = 4; lastKnownFileType = sourcecode.c.h; path = FBRequest.h; sourceTree = "<group>"; };
		54613BAF1234CC2D0005ACD8 /* FBRequest.m */ = {isa = PBXFileReference; fileEncoding = 4; lastKnownFileType = sourcecode.c.objc; path = FBRequest.m; sourceTree = "<group>"; };
		54613BB01234CC2D0005ACD8 /* Facebook.m */ = {isa = PBXFileReference; fileEncoding = 4; lastKnownFileType = sourcecode.c.objc; path = Facebook.m; sourceTree = "<group>"; };
		54613BB11234CC2D0005ACD8 /* Facebook.h */ = {isa = PBXFileReference; fileEncoding = 4; lastKnownFileType = sourcecode.c.h; path = Facebook.h; sourceTree = "<group>"; };
		54613BB21234CC2D0005ACD8 /* FBLoginDialog.h */ = {isa = PBXFileReference; fileEncoding = 4; lastKnownFileType = sourcecode.c.h; path = FBLoginDialog.h; sourceTree = "<group>"; };
		54613BB31234CC2D0005ACD8 /* FBLoginDialog.m */ = {isa = PBXFileReference; fileEncoding = 4; lastKnownFileType = sourcecode.c.objc; path = FBLoginDialog.m; sourceTree = "<group>"; };
		54613BB41234CC2D0005ACD8 /* FBDialog.h */ = {isa = PBXFileReference; fileEncoding = 4; lastKnownFileType = sourcecode.c.h; path = FBDialog.h; sourceTree = "<group>"; };
		54613BB51234CC2D0005ACD8 /* FBDialog.m */ = {isa = PBXFileReference; fileEncoding = 4; lastKnownFileType = sourcecode.c.objc; path = FBDialog.m; sourceTree = "<group>"; };
		54625FF6122FDB3E00EA53E9 /* Background.png */ = {isa = PBXFileReference; lastKnownFileType = image.png; path = Background.png; sourceTree = "<group>"; };
		54625FF7122FDB3E00EA53E9 /* Moon.png */ = {isa = PBXFileReference; lastKnownFileType = image.png; path = Moon.png; sourceTree = "<group>"; };
		5489994D11AFC0300021E525 /* Image.h */ = {isa = PBXFileReference; fileEncoding = 4; lastKnownFileType = sourcecode.c.h; path = Image.h; sourceTree = "<group>"; };
		5489994E11AFC0300021E525 /* Image.m */ = {isa = PBXFileReference; fileEncoding = 4; lastKnownFileType = sourcecode.c.objc; path = Image.m; sourceTree = "<group>"; };
		54980A1B1220AAB400CDCB29 /* GameEngine.h */ = {isa = PBXFileReference; fileEncoding = 4; lastKnownFileType = sourcecode.c.h; path = GameEngine.h; sourceTree = "<group>"; };
		54980A1C1220AAB400CDCB29 /* GameEngine.m */ = {isa = PBXFileReference; fileEncoding = 4; lastKnownFileType = sourcecode.c.objc; path = GameEngine.m; sourceTree = "<group>"; };
		54980BCA1220C30400CDCB29 /* EAGLView.m */ = {isa = PBXFileReference; fileEncoding = 4; lastKnownFileType = sourcecode.c.objc; path = EAGLView.m; sourceTree = "<group>"; };
		549D8C11123326BF002882A0 /* Failure.caf */ = {isa = PBXFileReference; lastKnownFileType = file; name = Failure.caf; path = Sounds/Failure.caf; sourceTree = "<group>"; };
		549D8C12123326BF002882A0 /* Start.caf */ = {isa = PBXFileReference; lastKnownFileType = file; name = Start.caf; path = Sounds/Start.caf; sourceTree = "<group>"; };
		549D8C13123326BF002882A0 /* Success.caf */ = {isa = PBXFileReference; lastKnownFileType = file; name = Success.caf; path = Sounds/Success.caf; sourceTree = "<group>"; };
		549D8C14123326BF002882A0 /* Thrust.caf */ = {isa = PBXFileReference; lastKnownFileType = file; name = Thrust.caf; path = Sounds/Thrust.caf; sourceTree = "<group>"; };
		549D8DF11233C5BD002882A0 /* OptionsButton.png */ = {isa = PBXFileReference; lastKnownFileType = image.png; path = OptionsButton.png; sourceTree = "<group>"; };
		549D8DF31233C5EA002882A0 /* PlayButton.png */ = {isa = PBXFileReference; lastKnownFileType = image.png; path = PlayButton.png; sourceTree = "<group>"; };
		549D8E1E1233D4F1002882A0 /* MusicText.png */ = {isa = PBXFileReference; lastKnownFileType = image.png; path = MusicText.png; sourceTree = "<group>"; };
		549D8E1F1233D4F1002882A0 /* OffButton.png */ = {isa = PBXFileReference; lastKnownFileType = image.png; path = OffButton.png; sourceTree = "<group>"; };
		549D8E201233D4F1002882A0 /* OnButton.png */ = {isa = PBXFileReference; lastKnownFileType = image.png; path = OnButton.png; sourceTree = "<group>"; };
		549D8E211233D4F1002882A0 /* SoundText.png */ = {isa = PBXFileReference; lastKnownFileType = image.png; path = SoundText.png; sourceTree = "<group>"; };
		54A91B8512321BF100CD05A3 /* AngelCodeFont.h */ = {isa = PBXFileReference; fileEncoding = 4; lastKnownFileType = sourcecode.c.h; path = AngelCodeFont.h; sourceTree = "<group>"; };
		54A91B8612321BF100CD05A3 /* AngelCodeFont.m */ = {isa = PBXFileReference; fileEncoding = 4; lastKnownFileType = sourcecode.c.objc; path = AngelCodeFont.m; sourceTree = "<group>"; };
		54A91B8712321BF100CD05A3 /* CharDef.h */ = {isa = PBXFileReference; fileEncoding = 4; lastKnownFileType = sourcecode.c.h; path = CharDef.h; sourceTree = "<group>"; };
		54A91B8812321BF100CD05A3 /* CharDef.m */ = {isa = PBXFileReference; fileEncoding = 4; lastKnownFileType = sourcecode.c.objc; path = CharDef.m; sourceTree = "<group>"; };
		54A91C7A1232281500CD05A3 /* MenloFont24.fnt */ = {isa = PBXFileReference; fileEncoding = 4; lastKnownFileType = text; path = MenloFont24.fnt; sourceTree = "<group>"; };
		54A91C7B1232281500CD05A3 /* MenloFont24.png */ = {isa = PBXFileReference; lastKnownFileType = image.png; path = MenloFont24.png; sourceTree = "<group>"; };
		54A91C8512323DB200CD05A3 /* FaceBookLogo.png */ = {isa = PBXFileReference; lastKnownFileType = image.png; path = FaceBookLogo.png; sourceTree = "<group>"; };
		54A91C8612323DB200CD05A3 /* OpenFeintLogo.png */ = {isa = PBXFileReference; lastKnownFileType = image.png; path = OpenFeintLogo.png; sourceTree = "<group>"; };
		54A91C8712323DB200CD05A3 /* RetryButton.png */ = {isa = PBXFileReference; lastKnownFileType = image.png; path = RetryButton.png; sourceTree = "<group>"; };
		54A91C8812323DB200CD05A3 /* PopUpFrame.png */ = {isa = PBXFileReference; lastKnownFileType = image.png; path = PopUpFrame.png; sourceTree = "<group>"; };
		54A91C8912323DB200CD05A3 /* MenuButton.png */ = {isa = PBXFileReference; lastKnownFileType = image.png; path = MenuButton.png; sourceTree = "<group>"; };
		54B2803E122B4378002A6BE4 /* AudioToolbox.framework */ = {isa = PBXFileReference; lastKnownFileType = wrapper.framework; name = AudioToolbox.framework; path = System/Library/Frameworks/AudioToolbox.framework; sourceTree = SDKROOT; };
		54D9758D11BB73AD00C050D5 /* BaseObject.h */ = {isa = PBXFileReference; fileEncoding = 4; lastKnownFileType = sourcecode.c.h; path = BaseObject.h; sourceTree = "<group>"; };
		54D9758E11BB73AD00C050D5 /* BaseObject.m */ = {isa = PBXFileReference; fileEncoding = 4; lastKnownFileType = sourcecode.c.objc; path = BaseObject.m; sourceTree = "<group>"; };
		54DF307912211A2400D5ADB7 /* Default.png */ = {isa = PBXFileReference; lastKnownFileType = image.png; path = Default.png; sourceTree = "<group>"; };
		54DF307B12211A3200D5ADB7 /* Icon.png */ = {isa = PBXFileReference; lastKnownFileType = image.png; path = Icon.png; sourceTree = "<group>"; };
		54E9DEDC1226772C0063AB9B /* Player.h */ = {isa = PBXFileReference; fileEncoding = 4; lastKnownFileType = sourcecode.c.h; path = Player.h; sourceTree = "<group>"; };
		54E9DEDD1226772C0063AB9B /* Player.m */ = {isa = PBXFileReference; fileEncoding = 4; lastKnownFileType = sourcecode.c.objc; path = Player.m; sourceTree = "<group>"; };
		54E9DFD712268BB90063AB9B /* Platform.png */ = {isa = PBXFileReference; lastKnownFileType = image.png; path = Platform.png; sourceTree = "<group>"; };
		54E9DFD912268BC90063AB9B /* Explosion.png */ = {isa = PBXFileReference; lastKnownFileType = image.png; path = Explosion.png; sourceTree = "<group>"; };
		54E9E0A11226A3170063AB9B /* Lose.png */ = {isa = PBXFileReference; lastKnownFileType = image.png; path = Lose.png; sourceTree = "<group>"; };
		54E9E0A21226A3170063AB9B /* Win.png */ = {isa = PBXFileReference; lastKnownFileType = image.png; path = Win.png; sourceTree = "<group>"; };
		8D1107310486CEB800E47090 /* GameName-Info.plist */ = {isa = PBXFileReference; fileEncoding = 4; lastKnownFileType = text.plist.xml; path = "GameName-Info.plist"; plistStructureDefinitionIdentifier = "com.apple.xcode.plist.structure-definition.iphone.info-plist"; sourceTree = "<group>"; };
/* End PBXFileReference section */

/* Begin PBXFrameworksBuildPhase section */
		1D60588F0D05DD3D006BFB54 /* Frameworks */ = {
			isa = PBXFrameworksBuildPhase;
			buildActionMask = 2147483647;
			files = (
				1D60589F0D05DD5A006BFB54 /* Foundation.framework in Frameworks */,
				1DF5F4E00D08C38300B7A737 /* UIKit.framework in Frameworks */,
				28FD15000DC6FC520079059D /* OpenGLES.framework in Frameworks */,
				28FD15080DC6FC5B0079059D /* QuartzCore.framework in Frameworks */,
				542E78E911AC0F6D00655228 /* CoreGraphics.framework in Frameworks */,
				54B2803F122B4378002A6BE4 /* AudioToolbox.framework in Frameworks */,
			);
			runOnlyForDeploymentPostprocessing = 0;
		};
/* End PBXFrameworksBuildPhase section */

/* Begin PBXGroup section */
		080E96DDFE201D6D7F000001 /* Classes */ = {
			isa = PBXGroup;
			children = (
				543DA39A11C24C34001A5674 /* C++ Classes */,
				28FD14FC0DC6FC130079059D /* EAGLView.h */,
				54980BCA1220C30400CDCB29 /* EAGLView.m */,
				1D3623240D0F684500981E51 /* GameNameAppDelegate.h */,
				1D3623250D0F684500981E51 /* GameNameAppDelegate.m */,
			);
			path = Classes;
			sourceTree = "<group>";
		};
		19C28FACFE9D520D11CA2CBB /* Products */ = {
			isa = PBXGroup;
			children = (
				1D6058910D05DD3D006BFB54 /* GameName.app */,
			);
			name = Products;
			sourceTree = "<group>";
		};
		29B97314FDCFA39411CA2CEA /* CustomTemplate */ = {
			isa = PBXGroup;
			children = (
				54613B9D1234CC2D0005ACD8 /* FBConnect */,
				5489994A11AFBFEC0021E525 /* Engine */,
				549D8C05123326B4002882A0 /* Sounds */,
				542E78F011AC12DE00655228 /* Images */,
				542E78E411AC0F5E00655228 /* OpenGL ES */,
				080E96DDFE201D6D7F000001 /* Classes */,
				29B97315FDCFA39411CA2CEA /* Other Sources */,
				29B97317FDCFA39411CA2CEA /* Resources */,
				29B97323FDCFA39411CA2CEA /* Frameworks */,
				19C28FACFE9D520D11CA2CBB /* Products */,
			);
			name = CustomTemplate;
			sourceTree = "<group>";
		};
		29B97315FDCFA39411CA2CEA /* Other Sources */ = {
			isa = PBXGroup;
			children = (
				32CA4F630368D1EE00C91783 /* GameName_Prefix.pch */,
				29B97316FDCFA39411CA2CEA /* main.m */,
			);
			name = "Other Sources";
			sourceTree = "<group>";
		};
		29B97317FDCFA39411CA2CEA /* Resources */ = {
			isa = PBXGroup;
			children = (
				28AD733E0D9D9553002E5188 /* MainWindow.xib */,
				8D1107310486CEB800E47090 /* GameName-Info.plist */,
			);
			name = Resources;
			sourceTree = "<group>";
		};
		29B97323FDCFA39411CA2CEA /* Frameworks */ = {
			isa = PBXGroup;
			children = (
				54B2803E122B4378002A6BE4 /* AudioToolbox.framework */,
				28FD15070DC6FC5B0079059D /* QuartzCore.framework */,
				28FD14FF0DC6FC520079059D /* OpenGLES.framework */,
				1DF5F4DF0D08C38300B7A737 /* UIKit.framework */,
				1D30AB110D05D00D00671497 /* Foundation.framework */,
				542E78E811AC0F6D00655228 /* CoreGraphics.framework */,
			);
			name = Frameworks;
			sourceTree = "<group>";
		};
		542E78E411AC0F5E00655228 /* OpenGL ES */ = {
			isa = PBXGroup;
			children = (
				542E78E511AC0F5E00655228 /* Texture2D.h */,
				542E78E611AC0F5E00655228 /* Texture2D.m */,
			);
			path = "OpenGL ES";
			sourceTree = "<group>";
		};
		542E78F011AC12DE00655228 /* Images */ = {
			isa = PBXGroup;
			children = (
				54A91C8512323DB200CD05A3 /* FaceBookLogo.png */,
				54A91C8612323DB200CD05A3 /* OpenFeintLogo.png */,
				549D8E1E1233D4F1002882A0 /* MusicText.png */,
				549D8E1F1233D4F1002882A0 /* OffButton.png */,
				549D8E201233D4F1002882A0 /* OnButton.png */,
				549D8E211233D4F1002882A0 /* SoundText.png */,
				54A91C8712323DB200CD05A3 /* RetryButton.png */,
				54A91C8812323DB200CD05A3 /* PopUpFrame.png */,
				54A91C8912323DB200CD05A3 /* MenuButton.png */,
				54A91C7A1232281500CD05A3 /* MenloFont24.fnt */,
				54A91C7B1232281500CD05A3 /* MenloFont24.png */,
				549D8DF31233C5EA002882A0 /* PlayButton.png */,
				54625FF6122FDB3E00EA53E9 /* Background.png */,
				54625FF7122FDB3E00EA53E9 /* Moon.png */,
				54E9E0A11226A3170063AB9B /* Lose.png */,
				54E9E0A21226A3170063AB9B /* Win.png */,
				54E9DFD912268BC90063AB9B /* Explosion.png */,
				54E9DFD712268BB90063AB9B /* Platform.png */,
				549D8DF11233C5BD002882A0 /* OptionsButton.png */,
				542E6222122560D70069DECB /* EmptyFuelBar.png */,
				542E6223122560D70069DECB /* FuelBar.png */,
				542E6224122560D70069DECB /* ThrustLeft.png */,
				542E6225122560D70069DECB /* ThrustMiddle.png */,
				542E6226122560D70069DECB /* ThrustRight.png */,
				54DF307B12211A3200D5ADB7 /* Icon.png */,
				54DF307912211A2400D5ADB7 /* Default.png */,
				542E78FB11AC148900655228 /* Ship.png */,
			);
			path = Images;
			sourceTree = "<group>";
		};
		543DA39A11C24C34001A5674 /* C++ Classes */ = {
			isa = PBXGroup;
			children = (
				54980A1B1220AAB400CDCB29 /* GameEngine.h */,
				54980A1C1220AAB400CDCB29 /* GameEngine.m */,
			);
			name = "C++ Classes";
			sourceTree = "<group>";
		};
		54613B9D1234CC2D0005ACD8 /* FBConnect */ = {
			isa = PBXGroup;
			children = (
				54613B9E1234CC2D0005ACD8 /* FBDialog.bundle */,
				54613B9F1234CC2D0005ACD8 /* JSON */,
				54613BAD1234CC2D0005ACD8 /* FBConnect.h */,
				54613BAE1234CC2D0005ACD8 /* FBRequest.h */,
				54613BAF1234CC2D0005ACD8 /* FBRequest.m */,
				54613BB01234CC2D0005ACD8 /* Facebook.m */,
				54613BB11234CC2D0005ACD8 /* Facebook.h */,
				54613BB21234CC2D0005ACD8 /* FBLoginDialog.h */,
				54613BB31234CC2D0005ACD8 /* FBLoginDialog.m */,
				54613BB41234CC2D0005ACD8 /* FBDialog.h */,
				54613BB51234CC2D0005ACD8 /* FBDialog.m */,
			);
			name = FBConnect;
			sourceTree = "<group>";
		};
		54613B9F1234CC2D0005ACD8 /* JSON */ = {
			isa = PBXGroup;
			children = (
				54613BA01234CC2D0005ACD8 /* JSON.h */,
				54613BA11234CC2D0005ACD8 /* NSObject+SBJSON.h */,
				54613BA21234CC2D0005ACD8 /* NSObject+SBJSON.m */,
				54613BA31234CC2D0005ACD8 /* NSString+SBJSON.h */,
				54613BA41234CC2D0005ACD8 /* NSString+SBJSON.m */,
				54613BA51234CC2D0005ACD8 /* SBJSON.h */,
				54613BA61234CC2D0005ACD8 /* SBJSON.m */,
				54613BA71234CC2D0005ACD8 /* SBJsonBase.h */,
				54613BA81234CC2D0005ACD8 /* SBJsonBase.m */,
				54613BA91234CC2D0005ACD8 /* SBJsonParser.h */,
				54613BAA1234CC2D0005ACD8 /* SBJsonParser.m */,
				54613BAB1234CC2D0005ACD8 /* SBJsonWriter.h */,
				54613BAC1234CC2D0005ACD8 /* SBJsonWriter.m */,
			);
			path = JSON;
			sourceTree = "<group>";
		};
		5489994A11AFBFEC0021E525 /* Engine */ = {
			isa = PBXGroup;
			children = (
				54A91B8512321BF100CD05A3 /* AngelCodeFont.h */,
				54A91B8612321BF100CD05A3 /* AngelCodeFont.m */,
				54A91B8712321BF100CD05A3 /* CharDef.h */,
				54A91B8812321BF100CD05A3 /* CharDef.m */,
				544E049E12310B2C00746D41 /* SpriteSheet.h */,
				544E049F12310B2C00746D41 /* SpriteSheet.m */,
				5489994D11AFC0300021E525 /* Image.h */,
				5489994E11AFC0300021E525 /* Image.m */,
				54D9758D11BB73AD00C050D5 /* BaseObject.h */,
				54D9758E11BB73AD00C050D5 /* BaseObject.m */,
				54E9DEDC1226772C0063AB9B /* Player.h */,
				54E9DEDD1226772C0063AB9B /* Player.m */,
			);
			name = Engine;
			sourceTree = "<group>";
		};
		549D8C05123326B4002882A0 /* Sounds */ = {
			isa = PBXGroup;
			children = (
				549D8C11123326BF002882A0 /* Failure.caf */,
				549D8C12123326BF002882A0 /* Start.caf */,
				549D8C13123326BF002882A0 /* Success.caf */,
				549D8C14123326BF002882A0 /* Thrust.caf */,
			);
			name = Sounds;
			sourceTree = "<group>";
		};
/* End PBXGroup section */

/* Begin PBXNativeTarget section */
		1D6058900D05DD3D006BFB54 /* GameName */ = {
			isa = PBXNativeTarget;
			buildConfigurationList = 1D6058960D05DD3E006BFB54 /* Build configuration list for PBXNativeTarget "GameName" */;
			buildPhases = (
				1D60588D0D05DD3D006BFB54 /* Resources */,
				1D60588E0D05DD3D006BFB54 /* Sources */,
				1D60588F0D05DD3D006BFB54 /* Frameworks */,
			);
			buildRules = (
			);
			dependencies = (
			);
			name = GameName;
			productName = GameName;
			productReference = 1D6058910D05DD3D006BFB54 /* GameName.app */;
			productType = "com.apple.product-type.application";
		};
/* End PBXNativeTarget section */

/* Begin PBXProject section */
		29B97313FDCFA39411CA2CEA /* Project object */ = {
			isa = PBXProject;
			buildConfigurationList = C01FCF4E08A954540054247B /* Build configuration list for PBXProject "GameName" */;
			compatibilityVersion = "Xcode 3.1";
			hasScannedForEncodings = 1;
			mainGroup = 29B97314FDCFA39411CA2CEA /* CustomTemplate */;
			projectDirPath = "";
			projectRoot = "";
			targets = (
				1D6058900D05DD3D006BFB54 /* GameName */,
			);
		};
/* End PBXProject section */

/* Begin PBXResourcesBuildPhase section */
		1D60588D0D05DD3D006BFB54 /* Resources */ = {
			isa = PBXResourcesBuildPhase;
			buildActionMask = 2147483647;
			files = (
				28AD733F0D9D9553002E5188 /* MainWindow.xib in Resources */,
				542E78FC11AC148900655228 /* Ship.png in Resources */,
				54DF307A12211A2400D5ADB7 /* Default.png in Resources */,
				54DF307C12211A3200D5ADB7 /* Icon.png in Resources */,
				542E6227122560D70069DECB /* EmptyFuelBar.png in Resources */,
				542E6228122560D70069DECB /* FuelBar.png in Resources */,
				542E6229122560D70069DECB /* ThrustLeft.png in Resources */,
				542E622A122560D70069DECB /* ThrustMiddle.png in Resources */,
				542E622B122560D70069DECB /* ThrustRight.png in Resources */,
				54E9DFD812268BB90063AB9B /* Platform.png in Resources */,
				54E9DFDA12268BC90063AB9B /* Explosion.png in Resources */,
				54E9E0A31226A3170063AB9B /* Lose.png in Resources */,
				54E9E0A41226A3170063AB9B /* Win.png in Resources */,
				54625FF8122FDB3E00EA53E9 /* Background.png in Resources */,
				54625FF9122FDB3E00EA53E9 /* Moon.png in Resources */,
				54A91C7C1232281500CD05A3 /* MenloFont24.fnt in Resources */,
				54A91C7D1232281500CD05A3 /* MenloFont24.png in Resources */,
				54A91C8A12323DB200CD05A3 /* FaceBookLogo.png in Resources */,
				54A91C8B12323DB200CD05A3 /* OpenFeintLogo.png in Resources */,
				54A91C8C12323DB200CD05A3 /* RetryButton.png in Resources */,
				54A91C8D12323DB200CD05A3 /* PopUpFrame.png in Resources */,
				54A91C8E12323DB200CD05A3 /* MenuButton.png in Resources */,
				549D8C15123326BF002882A0 /* Failure.caf in Resources */,
				549D8C16123326BF002882A0 /* Start.caf in Resources */,
				549D8C17123326BF002882A0 /* Success.caf in Resources */,
				549D8C18123326BF002882A0 /* Thrust.caf in Resources */,
				549D8DF21233C5BD002882A0 /* OptionsButton.png in Resources */,
				549D8DF41233C5EA002882A0 /* PlayButton.png in Resources */,
				549D8E221233D4F1002882A0 /* MusicText.png in Resources */,
				549D8E231233D4F1002882A0 /* OffButton.png in Resources */,
				549D8E241233D4F1002882A0 /* OnButton.png in Resources */,
				549D8E251233D4F1002882A0 /* SoundText.png in Resources */,
				54613BB61234CC2D0005ACD8 /* FBDialog.bundle in Resources */,
			);
			runOnlyForDeploymentPostprocessing = 0;
		};
/* End PBXResourcesBuildPhase section */

/* Begin PBXSourcesBuildPhase section */
		1D60588E0D05DD3D006BFB54 /* Sources */ = {
			isa = PBXSourcesBuildPhase;
			buildActionMask = 2147483647;
			files = (
				1D60589B0D05DD56006BFB54 /* main.m in Sources */,
				1D3623260D0F684500981E51 /* GameNameAppDelegate.m in Sources */,
				542E78E711AC0F5E00655228 /* Texture2D.m in Sources */,
				5489994F11AFC0300021E525 /* Image.m in Sources */,
				54D9758F11BB73AD00C050D5 /* BaseObject.m in Sources */,
				54980A1D1220AAB400CDCB29 /* GameEngine.m in Sources */,
				54980BCB1220C30400CDCB29 /* EAGLView.m in Sources */,
				54E9DEDE1226772C0063AB9B /* Player.m in Sources */,
				544E04A012310B2C00746D41 /* SpriteSheet.m in Sources */,
				54A91B8912321BF100CD05A3 /* AngelCodeFont.m in Sources */,
				54A91B8A12321BF100CD05A3 /* CharDef.m in Sources */,
				54613BB71234CC2D0005ACD8 /* NSObject+SBJSON.m in Sources */,
				54613BB81234CC2D0005ACD8 /* NSString+SBJSON.m in Sources */,
				54613BB91234CC2D0005ACD8 /* SBJSON.m in Sources */,
				54613BBA1234CC2D0005ACD8 /* SBJsonBase.m in Sources */,
				54613BBB1234CC2D0005ACD8 /* SBJsonParser.m in Sources */,
				54613BBC1234CC2D0005ACD8 /* SBJsonWriter.m in Sources */,
				54613BBD1234CC2D0005ACD8 /* FBRequest.m in Sources */,
				54613BBE1234CC2D0005ACD8 /* Facebook.m in Sources */,
				54613BBF1234CC2D0005ACD8 /* FBLoginDialog.m in Sources */,
				54613BC01234CC2D0005ACD8 /* FBDialog.m in Sources */,
			);
			runOnlyForDeploymentPostprocessing = 0;
		};
/* End PBXSourcesBuildPhase section */

/* Begin XCBuildConfiguration section */
		1D6058940D05DD3E006BFB54 /* Debug */ = {
			isa = XCBuildConfiguration;
			buildSettings = {
				ALWAYS_SEARCH_USER_PATHS = NO;
				"CODE_SIGN_IDENTITY[sdk=iphoneos*]" = "iPhone Developer: Bassem Farah (838BRP4PM6)";
				COPY_PHASE_STRIP = NO;
				GCC_DYNAMIC_NO_PIC = NO;
				GCC_OPTIMIZATION_LEVEL = 0;
				GCC_PRECOMPILE_PREFIX_HEADER = YES;
				GCC_PREFIX_HEADER = GameName_Prefix.pch;
				"GCC_THUMB_SUPPORT[arch=armv6]" = "";
				INFOPLIST_FILE = "GameName-Info.plist";
				PRODUCT_NAME = GameName;
			};
			name = Debug;
		};
		1D6058950D05DD3E006BFB54 /* Release */ = {
			isa = XCBuildConfiguration;
			buildSettings = {
				ALWAYS_SEARCH_USER_PATHS = NO;
				COPY_PHASE_STRIP = YES;
				GCC_PRECOMPILE_PREFIX_HEADER = YES;
				GCC_PREFIX_HEADER = GameName_Prefix.pch;
				"GCC_THUMB_SUPPORT[arch=armv6]" = "";
				INFOPLIST_FILE = "GameName-Info.plist";
				PRODUCT_NAME = GameName;
				VALIDATE_PRODUCT = YES;
			};
			name = Release;
		};
		C01FCF4F08A954540054247B /* Debug */ = {
			isa = XCBuildConfiguration;
			buildSettings = {
				ARCHS = "$(ARCHS_STANDARD_32_BIT)";
				"CODE_SIGN_IDENTITY[sdk=iphoneos*]" = "iPhone Developer";
				GCC_C_LANGUAGE_STANDARD = c99;
				GCC_PREPROCESSOR_DEFINITIONS = DEBUG;
				GCC_WARN_ABOUT_RETURN_TYPE = YES;
				GCC_WARN_UNUSED_VARIABLE = YES;
				PREBINDING = NO;
				SDKROOT = iphonesimulator4.0;
			};
			name = Debug;
		};
		C01FCF5008A954540054247B /* Release */ = {
			isa = XCBuildConfiguration;
			buildSettings = {
				ARCHS = "$(ARCHS_STANDARD_32_BIT)";
				"CODE_SIGN_IDENTITY[sdk=iphoneos*]" = "iPhone Developer";
				GCC_C_LANGUAGE_STANDARD = c99;
				GCC_WARN_ABOUT_RETURN_TYPE = YES;
				GCC_WARN_UNUSED_VARIABLE = YES;
				OTHER_CFLAGS = "-DNS_BLOCK_ASSERTIONS=1";
				PREBINDING = NO;
				SDKROOT = iphonesimulator4.0;
			};
			name = Release;
		};
/* End XCBuildConfiguration section */

/* Begin XCConfigurationList section */
		1D6058960D05DD3E006BFB54 /* Build configuration list for PBXNativeTarget "GameName" */ = {
			isa = XCConfigurationList;
			buildConfigurations = (
				1D6058940D05DD3E006BFB54 /* Debug */,
				1D6058950D05DD3E006BFB54 /* Release */,
			);
			defaultConfigurationIsVisible = 0;
			defaultConfigurationName = Release;
		};
		C01FCF4E08A954540054247B /* Build configuration list for PBXProject "GameName" */ = {
			isa = XCConfigurationList;
			buildConfigurations = (
				C01FCF4F08A954540054247B /* Debug */,
				C01FCF5008A954540054247B /* Release */,
			);
			defaultConfigurationIsVisible = 0;
			defaultConfigurationName = Release;
		};
/* End XCConfigurationList section */
	};
	rootObject = 29B97313FDCFA39411CA2CEA /* Project object */;
}
